{
  "name": "@hankei6km/test-dual-package-hazard-main",
  "version": "0.1.1",
  "lockfileVersion": 1,
  "requires": true,
  "dependencies": {
    "@hankei6km/test-dual-package-hazard": {
      "version": "0.1.2",
      "resolved": "https://registry.npmjs.org/@hankei6km/test-dual-package-hazard/-/test-dual-package-hazard-0.1.2.tgz",
      "integrity": "sha512-w5hd7QfbVVN1aoreEIvOV+nvjiW8/raCKeHNUiCk0LP3ZkMtlN7XDvxmflYyfZZq07QygB71gbOGnAQvMpOmFA=="
    }
  }
}
